
Microsoft Visual Studio Solution File, Format Version 12.00
# Visual Studio 15
VisualStudioVersion = 15.0.28010.2019
MinimumVisualStudioVersion = 10.0.40219.1
Project("{FAE04EC0-301F-11D3-BF4B-00C04F79EFBC}") = "Calculator", "Calculator\Calculator.csproj", "{69685165-5B0C-43CA-B87F-5A5D313F2A45}"
EndProject
Global
	GlobalSection(SolutionConfigurationPlatforms) = preSolution
		Debug|Any CPU = Debug|Any CPU
		Release|Any CPU = Release|Any CPU
	EndGlobalSection
	GlobalSection(ProjectConfigurationPlatforms) = postSolution
		{69685165-5B0C-43CA-B87F-5A5D313F2A45}.Debug|Any CPU.ActiveCfg = Debug|Any CPU
		{69685165-5B0C-43CA-B87F-5A5D313F2A45}.Debug|Any CPU.Build.0 = Debug|Any CPU
		{69685165-5B0C-43CA-B87F-5A5D313F2A45}.Release|Any CPU.ActiveCfg = Release|Any CPU
		{69685165-5B0C-43CA-B87F-5A5D313F2A45}.Release|Any CPU.Build.0 = Release|Any CPU
	EndGlobalSection
	GlobalSection(SolutionProperties) = preSolution
		HideSolutionNode = FALSE
	EndGlobalSection
	GlobalSection(ExtensibilityGlobals) = postSolution
		SolutionGuid = {DFB99DD7-BE04-4C88-8C79-ADA73DB7F1B8}
	EndGlobalSection
EndGlobal
